
Microsoft Visual Studio Solution File, Format Version 12.00
# Visual Studio Version 17
VisualStudioVersion = 17.0.31919.166
MinimumVisualStudioVersion = 10.0.40219.1
Project("{FAE04EC0-301F-11D3-BF4B-00C04F79EFBC}") = "Task_2_1", "Task_2_1\Task_2_1.csproj", "{BD07447E-8734-4ED4-8E51-E26A2B0C40E3}"
EndProject
Project("{FAE04EC0-301F-11D3-BF4B-00C04F79EFBC}") = "MyString", "MyString\MyString.csproj", "{8D9EFEBE-C62F-4266-A3C9-AA0A7BF20CA4}"
EndProject
Global
	GlobalSection(SolutionConfigurationPlatforms) = preSolution
		Debug|Any CPU = Debug|Any CPU
		Release|Any CPU = Release|Any CPU
	EndGlobalSection
	GlobalSection(ProjectConfigurationPlatforms) = postSolution
		{BD07447E-8734-4ED4-8E51-E26A2B0C40E3}.Debug|Any CPU.ActiveCfg = Debug|Any CPU
		{BD07447E-8734-4ED4-8E51-E26A2B0C40E3}.Debug|Any CPU.Build.0 = Debug|Any CPU
		{BD07447E-8734-4ED4-8E51-E26A2B0C40E3}.Release|Any CPU.ActiveCfg = Release|Any CPU
		{BD07447E-8734-4ED4-8E51-E26A2B0C40E3}.Release|Any CPU.Build.0 = Release|Any CPU
		{8D9EFEBE-C62F-4266-A3C9-AA0A7BF20CA4}.Debug|Any CPU.ActiveCfg = Debug|Any CPU
		{8D9EFEBE-C62F-4266-A3C9-AA0A7BF20CA4}.Debug|Any CPU.Build.0 = Debug|Any CPU
		{8D9EFEBE-C62F-4266-A3C9-AA0A7BF20CA4}.Release|Any CPU.ActiveCfg = Release|Any CPU
		{8D9EFEBE-C62F-4266-A3C9-AA0A7BF20CA4}.Release|Any CPU.Build.0 = Release|Any CPU
	EndGlobalSection
	GlobalSection(SolutionProperties) = preSolution
		HideSolutionNode = FALSE
	EndGlobalSection
	GlobalSection(ExtensibilityGlobals) = postSolution
		SolutionGuid = {E00A8B04-4BD1-4B72-81FB-9139B73C023A}
	EndGlobalSection
EndGlobal
